
Microsoft Visual Studio Solution File, Format Version 12.00
# Visual Studio Version 17
VisualStudioVersion = 17.1.32210.238
MinimumVisualStudioVersion = 10.0.40219.1
Project("{9A19103F-16F7-4668-BE54-9A1E7A4F7556}") = "Rectangles", "Rectangles\Rectangles.csproj", "{DF242998-A096-442E-871D-1A91C7B9334C}"
EndProject
Project("{FAE04EC0-301F-11D3-BF4B-00C04F79EFBC}") = "Rectangles.Test", "Rectangles.Test\Rectangles.Test.csproj", "{814F2396-457C-4311-B8E3-D216B3778696}"
EndProject
Global
	GlobalSection(SolutionConfigurationPlatforms) = preSolution
		Debug|Any CPU = Debug|Any CPU
		Release|Any CPU = Release|Any CPU
	EndGlobalSection
	GlobalSection(ProjectConfigurationPlatforms) = postSolution
		{DF242998-A096-442E-871D-1A91C7B9334C}.Debug|Any CPU.ActiveCfg = Debug|Any CPU
		{DF242998-A096-442E-871D-1A91C7B9334C}.Debug|Any CPU.Build.0 = Debug|Any CPU
		{DF242998-A096-442E-871D-1A91C7B9334C}.Release|Any CPU.ActiveCfg = Release|Any CPU
		{DF242998-A096-442E-871D-1A91C7B9334C}.Release|Any CPU.Build.0 = Release|Any CPU
		{814F2396-457C-4311-B8E3-D216B3778696}.Debug|Any CPU.ActiveCfg = Debug|Any CPU
		{814F2396-457C-4311-B8E3-D216B3778696}.Debug|Any CPU.Build.0 = Debug|Any CPU
		{814F2396-457C-4311-B8E3-D216B3778696}.Release|Any CPU.ActiveCfg = Release|Any CPU
		{814F2396-457C-4311-B8E3-D216B3778696}.Release|Any CPU.Build.0 = Release|Any CPU
	EndGlobalSection
	GlobalSection(SolutionProperties) = preSolution
		HideSolutionNode = FALSE
	EndGlobalSection
	GlobalSection(ExtensibilityGlobals) = postSolution
		SolutionGuid = {C7F26A43-A8D4-459D-B4EB-D33880919596}
	EndGlobalSection
EndGlobal
